
Microsoft Visual Studio Solution File, Format Version 12.00
# Visual Studio 15
VisualStudioVersion = 15.0.28307.102
MinimumVisualStudioVersion = 10.0.40219.1
Project("{9A19103F-16F7-4668-BE54-9A1E7A4F7556}") = "SmartDormitory.App", "SmartDormitory.App\SmartDormitory.App.csproj", "{756C3BAA-F97C-416B-8EC1-D8F17DEA2BEB}"
EndProject
Project("{9A19103F-16F7-4668-BE54-9A1E7A4F7556}") = "SmartDormitory.Data.Models", "SmartDormitory.Data.Models\SmartDormitory.Data.Models.csproj", "{2BB84EBA-EBB9-459B-8D55-0D156F59C568}"
EndProject
Project("{9A19103F-16F7-4668-BE54-9A1E7A4F7556}") = "SmartDormitory.Data", "SmartDormitory.Data\SmartDormitory.Data.csproj", "{18EF3C46-EF79-4FA2-8D5B-0BF9F683A762}"
EndProject
Project("{FAE04EC0-301F-11D3-BF4B-00C04F79EFBC}") = "SmartDormitory.Services", "SmartDormitory.Services\SmartDormitory.Services.csproj", "{B9B08BAB-9E10-4E74-B70E-61D1DAD5E0AF}"
EndProject
Global
	GlobalSection(SolutionConfigurationPlatforms) = preSolution
		Debug|Any CPU = Debug|Any CPU
		Release|Any CPU = Release|Any CPU
	EndGlobalSection
	GlobalSection(ProjectConfigurationPlatforms) = postSolution
		{756C3BAA-F97C-416B-8EC1-D8F17DEA2BEB}.Debug|Any CPU.ActiveCfg = Debug|Any CPU
		{756C3BAA-F97C-416B-8EC1-D8F17DEA2BEB}.Debug|Any CPU.Build.0 = Debug|Any CPU
		{756C3BAA-F97C-416B-8EC1-D8F17DEA2BEB}.Release|Any CPU.ActiveCfg = Release|Any CPU
		{756C3BAA-F97C-416B-8EC1-D8F17DEA2BEB}.Release|Any CPU.Build.0 = Release|Any CPU
		{2BB84EBA-EBB9-459B-8D55-0D156F59C568}.Debug|Any CPU.ActiveCfg = Debug|Any CPU
		{2BB84EBA-EBB9-459B-8D55-0D156F59C568}.Debug|Any CPU.Build.0 = Debug|Any CPU
		{2BB84EBA-EBB9-459B-8D55-0D156F59C568}.Release|Any CPU.ActiveCfg = Release|Any CPU
		{2BB84EBA-EBB9-459B-8D55-0D156F59C568}.Release|Any CPU.Build.0 = Release|Any CPU
		{18EF3C46-EF79-4FA2-8D5B-0BF9F683A762}.Debug|Any CPU.ActiveCfg = Debug|Any CPU
		{18EF3C46-EF79-4FA2-8D5B-0BF9F683A762}.Debug|Any CPU.Build.0 = Debug|Any CPU
		{18EF3C46-EF79-4FA2-8D5B-0BF9F683A762}.Release|Any CPU.ActiveCfg = Release|Any CPU
		{18EF3C46-EF79-4FA2-8D5B-0BF9F683A762}.Release|Any CPU.Build.0 = Release|Any CPU
		{B9B08BAB-9E10-4E74-B70E-61D1DAD5E0AF}.Debug|Any CPU.ActiveCfg = Debug|Any CPU
		{B9B08BAB-9E10-4E74-B70E-61D1DAD5E0AF}.Debug|Any CPU.Build.0 = Debug|Any CPU
		{B9B08BAB-9E10-4E74-B70E-61D1DAD5E0AF}.Release|Any CPU.ActiveCfg = Release|Any CPU
		{B9B08BAB-9E10-4E74-B70E-61D1DAD5E0AF}.Release|Any CPU.Build.0 = Release|Any CPU
	EndGlobalSection
	GlobalSection(SolutionProperties) = preSolution
		HideSolutionNode = FALSE
	EndGlobalSection
	GlobalSection(ExtensibilityGlobals) = postSolution
		SolutionGuid = {287A4424-9060-4647-9732-CF5C02846FA3}
	EndGlobalSection
EndGlobal
