
Microsoft Visual Studio Solution File, Format Version 12.00
# Visual Studio 15
VisualStudioVersion = 15.0.28010.2048
MinimumVisualStudioVersion = 10.0.40219.1
Project("{FAE04EC0-301F-11D3-BF4B-00C04F79EFBC}") = "SmartDormitory.App", "SmartDormitory.App\SmartDormitory.App.csproj", "{11D9BE5C-225E-4E2A-898F-982088388C80}"
EndProject
Global
	GlobalSection(SolutionConfigurationPlatforms) = preSolution
		Debug|Any CPU = Debug|Any CPU
		Release|Any CPU = Release|Any CPU
	EndGlobalSection
	GlobalSection(ProjectConfigurationPlatforms) = postSolution
		{11D9BE5C-225E-4E2A-898F-982088388C80}.Debug|Any CPU.ActiveCfg = Debug|Any CPU
		{11D9BE5C-225E-4E2A-898F-982088388C80}.Debug|Any CPU.Build.0 = Debug|Any CPU
		{11D9BE5C-225E-4E2A-898F-982088388C80}.Release|Any CPU.ActiveCfg = Release|Any CPU
		{11D9BE5C-225E-4E2A-898F-982088388C80}.Release|Any CPU.Build.0 = Release|Any CPU
	EndGlobalSection
	GlobalSection(SolutionProperties) = preSolution
		HideSolutionNode = FALSE
	EndGlobalSection
	GlobalSection(ExtensibilityGlobals) = postSolution
		SolutionGuid = {5CE7DD9E-D9BD-41B1-A014-14252816AFDC}
	EndGlobalSection
EndGlobal
